
Microsoft Visual Studio Solution File, Format Version 12.00
# Visual Studio 15
VisualStudioVersion = 15.0.27703.2026
MinimumVisualStudioVersion = 10.0.40219.1
Project("{FAE04EC0-301F-11D3-BF4B-00C04F79EFBC}") = "RobotCleaner", "RobotCleaner\RobotCleaner.csproj", "{FA6A70BE-1501-4967-AD9F-C9F4126E0C8F}"
EndProject
Project("{FAE04EC0-301F-11D3-BF4B-00C04F79EFBC}") = "RobotCleanerTests", "RobotCleanerTests\RobotCleanerTests.csproj", "{2BA51C9B-F53D-4E58-874B-26A5CDE7BC61}"
EndProject
Global
	GlobalSection(SolutionConfigurationPlatforms) = preSolution
		Debug|Any CPU = Debug|Any CPU
		Release|Any CPU = Release|Any CPU
	EndGlobalSection
	GlobalSection(ProjectConfigurationPlatforms) = postSolution
		{FA6A70BE-1501-4967-AD9F-C9F4126E0C8F}.Debug|Any CPU.ActiveCfg = Debug|Any CPU
		{FA6A70BE-1501-4967-AD9F-C9F4126E0C8F}.Debug|Any CPU.Build.0 = Debug|Any CPU
		{FA6A70BE-1501-4967-AD9F-C9F4126E0C8F}.Release|Any CPU.ActiveCfg = Release|Any CPU
		{FA6A70BE-1501-4967-AD9F-C9F4126E0C8F}.Release|Any CPU.Build.0 = Release|Any CPU
		{2BA51C9B-F53D-4E58-874B-26A5CDE7BC61}.Debug|Any CPU.ActiveCfg = Debug|Any CPU
		{2BA51C9B-F53D-4E58-874B-26A5CDE7BC61}.Debug|Any CPU.Build.0 = Debug|Any CPU
		{2BA51C9B-F53D-4E58-874B-26A5CDE7BC61}.Release|Any CPU.ActiveCfg = Release|Any CPU
		{2BA51C9B-F53D-4E58-874B-26A5CDE7BC61}.Release|Any CPU.Build.0 = Release|Any CPU
	EndGlobalSection
	GlobalSection(SolutionProperties) = preSolution
		HideSolutionNode = FALSE
	EndGlobalSection
	GlobalSection(ExtensibilityGlobals) = postSolution
		SolutionGuid = {FE5DE743-732F-4D5D-9BF3-2040091E3277}
	EndGlobalSection
EndGlobal
